<?xml version="1.0" encoding="utf-8"?>
<Project ToolsVersion="4.0" xmlns="http://schemas.microsoft.com/developer/msbuild/2003">
  <ItemGroup>
    <ClCompile Include="..\..\pdfium\third_party\base\allocator\partition_allocator\address_space_randomization.cc">
      <Filter>Source Files</Filter>
    </ClCompile>
    <ClCompile Include="..\..\pdfium\third_party\base\allocator\partition_allocator\oom_callback.cc">
      <Filter>Source Files</Filter>
    </ClCompile>
    <ClCompile Include="..\..\pdfium\third_party\base\allocator\partition_allocator\page_allocator.cc">
      <Filter>Source Files</Filter>
    </ClCompile>
    <ClCompile Include="..\..\pdfium\third_party\base\allocator\partition_allocator\partition_alloc.cc">
      <Filter>Source Files</Filter>
    </ClCompile>
    <ClCompile Include="..\..\pdfium\third_party\base\allocator\partition_allocator\partition_bucket.cc">
      <Filter>Source Files</Filter>
    </ClCompile>
    <ClCompile Include="..\..\pdfium\third_party\base\allocator\partition_allocator\partition_oom.cc">
      <Filter>Source Files</Filter>
    </ClCompile>
    <ClCompile Include="..\..\pdfium\third_party\base\allocator\partition_allocator\partition_page.cc">
      <Filter>Source Files</Filter>
    </ClCompile>
    <ClCompile Include="..\..\pdfium\third_party\base\allocator\partition_allocator\partition_root_base.cc">
      <Filter>Source Files</Filter>
    </ClCompile>
    <ClCompile Include="..\..\pdfium\third_party\base\allocator\partition_allocator\random.cc">
      <Filter>Source Files</Filter>
    </ClCompile>
    <ClCompile Include="..\..\pdfium\third_party\base\allocator\partition_allocator\spin_lock.cc">
      <Filter>Source Files</Filter>
    </ClCompile>
    <ClCompile Include="..\..\pdfium\third_party\base\debug\alias.cc">
      <Filter>Source Files</Filter>
    </ClCompile>
  </ItemGroup>
  <ItemGroup>
    <ClInclude Include="..\..\pdfium\third_party\base\allocator\partition_allocator\address_space_randomization.h">
      <Filter>Header Files</Filter>
    </ClInclude>
    <ClInclude Include="..\..\pdfium\third_party\base\allocator\partition_allocator\oom_callback.h">
      <Filter>Header Files</Filter>
    </ClInclude>
    <ClInclude Include="..\..\pdfium\third_party\base\allocator\partition_allocator\page_allocator.h">
      <Filter>Header Files</Filter>
    </ClInclude>
    <ClInclude Include="..\..\pdfium\third_party\base\allocator\partition_allocator\partition_alloc.h">
      <Filter>Header Files</Filter>
    </ClInclude>
    <ClInclude Include="..\..\pdfium\third_party\base\allocator\partition_allocator\partition_bucket.h">
      <Filter>Header Files</Filter>
    </ClInclude>
    <ClInclude Include="..\..\pdfium\third_party\base\allocator\partition_allocator\partition_oom.h">
      <Filter>Header Files</Filter>
    </ClInclude>
    <ClInclude Include="..\..\pdfium\third_party\base\allocator\partition_allocator\partition_page.h">
      <Filter>Header Files</Filter>
    </ClInclude>
    <ClInclude Include="..\..\pdfium\third_party\base\allocator\partition_allocator\partition_root_base.h">
      <Filter>Header Files</Filter>
    </ClInclude>
    <ClInclude Include="..\..\pdfium\third_party\base\allocator\partition_allocator\random.h">
      <Filter>Header Files</Filter>
    </ClInclude>
    <ClInclude Include="..\..\pdfium\third_party\base\allocator\partition_allocator\spin_lock.h">
      <Filter>Header Files</Filter>
    </ClInclude>
    <ClInclude Include="..\..\pdfium\third_party\base\debug\alias.h">
      <Filter>Header Files</Filter>
    </ClInclude>
  </ItemGroup>
  <ItemGroup>
    <Filter Include="Source Files">
      <UniqueIdentifier>{da94b002-20ea-4442-9597-b3a6c385d2eb}</UniqueIdentifier>
    </Filter>
    <Filter Include="Header Files">
      <UniqueIdentifier>{61696362-ae50-4de6-8c4e-3ce169f0f9a4}</UniqueIdentifier>
    </Filter>
  </ItemGroup>
</Project>