
Microsoft Visual Studio Solution File, Format Version 12.00
# Visual Studio Version 16
VisualStudioVersion = 16.0.29025.244
MinimumVisualStudioVersion = 10.0.40219.1
Project("{8BC9CEB8-8B4A-11D0-8D11-00A0C91BC942}") = "pdfium_lib", "pdfium_lib.vcxproj", "{872892EF-314E-48AA-8483-AED78E9070EF}"
	ProjectSection(ProjectDependencies) = postProject
		{8D3577F7-DDD2-41BA-ADF3-020B60E58095} = {8D3577F7-DDD2-41BA-ADF3-020B60E58095}
	EndProjectSection
EndProject
Project("{8BC9CEB8-8B4A-11D0-8D11-00A0C91BC942}") = "icu", "builds\icu\icu.vcxproj", "{8D3577F7-DDD2-41BA-ADF3-020B60E58095}"
EndProject
Project("{8BC9CEB8-8B4A-11D0-8D11-00A0C91BC942}") = "zlib", "builds\zlib\zlib.vcxproj", "{4A5140B3-891B-4AC2-8FCD-41B393E8297C}"
EndProject
Project("{8BC9CEB8-8B4A-11D0-8D11-00A0C91BC942}") = "fpdfsdk", "builds\fpdfsdk\fpdfsdk.vcxproj", "{128A57CE-C4F0-4E96-8F7B-B2AD59C69C79}"
EndProject
Project("{8BC9CEB8-8B4A-11D0-8D11-00A0C91BC942}") = "lcms", "builds\lcms\lcms.vcxproj", "{881747D5-CB30-47BD-BE8C-D5928390056C}"
EndProject
Project("{8BC9CEB8-8B4A-11D0-8D11-00A0C91BC942}") = "libopenjpeg20", "builds\libopenjpeg20\libopenjpeg20.vcxproj", "{8414D68D-463F-4501-9169-E8933189DB7F}"
EndProject
Project("{8BC9CEB8-8B4A-11D0-8D11-00A0C91BC942}") = "libjpeg", "builds\libjpeg\libjpeg.vcxproj", "{4BD4936A-A06F-4835-9FE3-C5957D6C7A8A}"
EndProject
Project("{8BC9CEB8-8B4A-11D0-8D11-00A0C91BC942}") = "agg23", "builds\agg23\agg23.vcxproj", "{1FD785C9-6EB1-4CED-91A6-B6A140ABF94A}"
EndProject
Project("{2150E333-8FDC-42A3-9474-1A3956D46DE8}") = "第三方", "第三方", "{EA4ACD79-0681-4B3A-8DC7-3CA208B7A767}"
EndProject
Project("{8BC9CEB8-8B4A-11D0-8D11-00A0C91BC942}") = "libjpeg_turbo", "builds\libjpeg_turbo\libjpeg_turbo.vcxproj", "{5FADC9F5-F6D4-4782-A97B-2D7BCF3686ED}"
EndProject
Project("{8BC9CEB8-8B4A-11D0-8D11-00A0C91BC942}") = "pdfium_base", "builds\pdfium_base\pdfium_base.vcxproj", "{E50CC80B-9835-4C75-8EBF-8DFAD95F60CC}"
EndProject
Project("{8BC9CEB8-8B4A-11D0-8D11-00A0C91BC942}") = "fxcodec", "builds\fxcodec\fxcodec.vcxproj", "{D60ACB03-5AE5-46EF-A410-C3714271D12F}"
EndProject
Project("{8BC9CEB8-8B4A-11D0-8D11-00A0C91BC942}") = "freetype", "builds\freetype\freetype.vcxproj", "{2DA7B2C8-50A1-496D-AC44-CDDD534D6378}"
EndProject
Project("{8BC9CEB8-8B4A-11D0-8D11-00A0C91BC942}") = "render_pdf", "builds\render_pdf\render_pdf.vcxproj", "{A04FF2F1-8B61-4A66-9CE0-07016068C742}"
EndProject
Global
	GlobalSection(SolutionConfigurationPlatforms) = preSolution
		Debug|Win32 = Debug|Win32
		Debug|x64 = Debug|x64
		Release|Win32 = Release|Win32
		Release|x64 = Release|x64
	EndGlobalSection
	GlobalSection(ProjectConfigurationPlatforms) = postSolution
		{872892EF-314E-48AA-8483-AED78E9070EF}.Debug|Win32.ActiveCfg = Debug|Win32
		{872892EF-314E-48AA-8483-AED78E9070EF}.Debug|Win32.Build.0 = Debug|Win32
		{872892EF-314E-48AA-8483-AED78E9070EF}.Debug|x64.ActiveCfg = Release|x64
		{872892EF-314E-48AA-8483-AED78E9070EF}.Debug|x64.Build.0 = Release|x64
		{872892EF-314E-48AA-8483-AED78E9070EF}.Release|Win32.ActiveCfg = Release|Win32
		{872892EF-314E-48AA-8483-AED78E9070EF}.Release|Win32.Build.0 = Release|Win32
		{872892EF-314E-48AA-8483-AED78E9070EF}.Release|x64.ActiveCfg = Release|x64
		{872892EF-314E-48AA-8483-AED78E9070EF}.Release|x64.Build.0 = Release|x64
		{8D3577F7-DDD2-41BA-ADF3-020B60E58095}.Debug|Win32.ActiveCfg = Debug|Win32
		{8D3577F7-DDD2-41BA-ADF3-020B60E58095}.Debug|Win32.Build.0 = Debug|Win32
		{8D3577F7-DDD2-41BA-ADF3-020B60E58095}.Debug|x64.ActiveCfg = Release|x64
		{8D3577F7-DDD2-41BA-ADF3-020B60E58095}.Debug|x64.Build.0 = Release|x64
		{8D3577F7-DDD2-41BA-ADF3-020B60E58095}.Release|Win32.ActiveCfg = Release|Win32
		{8D3577F7-DDD2-41BA-ADF3-020B60E58095}.Release|Win32.Build.0 = Release|Win32
		{8D3577F7-DDD2-41BA-ADF3-020B60E58095}.Release|x64.ActiveCfg = Release|x64
		{8D3577F7-DDD2-41BA-ADF3-020B60E58095}.Release|x64.Build.0 = Release|x64
		{4A5140B3-891B-4AC2-8FCD-41B393E8297C}.Debug|Win32.ActiveCfg = Debug|Win32
		{4A5140B3-891B-4AC2-8FCD-41B393E8297C}.Debug|Win32.Build.0 = Debug|Win32
		{4A5140B3-891B-4AC2-8FCD-41B393E8297C}.Debug|x64.ActiveCfg = Release|x64
		{4A5140B3-891B-4AC2-8FCD-41B393E8297C}.Debug|x64.Build.0 = Release|x64
		{4A5140B3-891B-4AC2-8FCD-41B393E8297C}.Release|Win32.ActiveCfg = Release|Win32
		{4A5140B3-891B-4AC2-8FCD-41B393E8297C}.Release|Win32.Build.0 = Release|Win32
		{4A5140B3-891B-4AC2-8FCD-41B393E8297C}.Release|x64.ActiveCfg = Release|x64
		{4A5140B3-891B-4AC2-8FCD-41B393E8297C}.Release|x64.Build.0 = Release|x64
		{128A57CE-C4F0-4E96-8F7B-B2AD59C69C79}.Debug|Win32.ActiveCfg = Debug|Win32
		{128A57CE-C4F0-4E96-8F7B-B2AD59C69C79}.Debug|Win32.Build.0 = Debug|Win32
		{128A57CE-C4F0-4E96-8F7B-B2AD59C69C79}.Debug|x64.ActiveCfg = Release|x64
		{128A57CE-C4F0-4E96-8F7B-B2AD59C69C79}.Debug|x64.Build.0 = Release|x64
		{128A57CE-C4F0-4E96-8F7B-B2AD59C69C79}.Release|Win32.ActiveCfg = Release|Win32
		{128A57CE-C4F0-4E96-8F7B-B2AD59C69C79}.Release|Win32.Build.0 = Release|Win32
		{128A57CE-C4F0-4E96-8F7B-B2AD59C69C79}.Release|x64.ActiveCfg = Release|x64
		{128A57CE-C4F0-4E96-8F7B-B2AD59C69C79}.Release|x64.Build.0 = Release|x64
		{881747D5-CB30-47BD-BE8C-D5928390056C}.Debug|Win32.ActiveCfg = Debug|Win32
		{881747D5-CB30-47BD-BE8C-D5928390056C}.Debug|Win32.Build.0 = Debug|Win32
		{881747D5-CB30-47BD-BE8C-D5928390056C}.Debug|x64.ActiveCfg = Release|x64
		{881747D5-CB30-47BD-BE8C-D5928390056C}.Debug|x64.Build.0 = Release|x64
		{881747D5-CB30-47BD-BE8C-D5928390056C}.Release|Win32.ActiveCfg = Release|Win32
		{881747D5-CB30-47BD-BE8C-D5928390056C}.Release|Win32.Build.0 = Release|Win32
		{881747D5-CB30-47BD-BE8C-D5928390056C}.Release|x64.ActiveCfg = Release|x64
		{881747D5-CB30-47BD-BE8C-D5928390056C}.Release|x64.Build.0 = Release|x64
		{8414D68D-463F-4501-9169-E8933189DB7F}.Debug|Win32.ActiveCfg = Debug|Win32
		{8414D68D-463F-4501-9169-E8933189DB7F}.Debug|Win32.Build.0 = Debug|Win32
		{8414D68D-463F-4501-9169-E8933189DB7F}.Debug|x64.ActiveCfg = Release|x64
		{8414D68D-463F-4501-9169-E8933189DB7F}.Debug|x64.Build.0 = Release|x64
		{8414D68D-463F-4501-9169-E8933189DB7F}.Release|Win32.ActiveCfg = Release|Win32
		{8414D68D-463F-4501-9169-E8933189DB7F}.Release|Win32.Build.0 = Release|Win32
		{8414D68D-463F-4501-9169-E8933189DB7F}.Release|x64.ActiveCfg = Release|x64
		{8414D68D-463F-4501-9169-E8933189DB7F}.Release|x64.Build.0 = Release|x64
		{4BD4936A-A06F-4835-9FE3-C5957D6C7A8A}.Debug|Win32.ActiveCfg = Debug|Win32
		{4BD4936A-A06F-4835-9FE3-C5957D6C7A8A}.Debug|Win32.Build.0 = Debug|Win32
		{4BD4936A-A06F-4835-9FE3-C5957D6C7A8A}.Debug|x64.ActiveCfg = Release|x64
		{4BD4936A-A06F-4835-9FE3-C5957D6C7A8A}.Debug|x64.Build.0 = Release|x64
		{4BD4936A-A06F-4835-9FE3-C5957D6C7A8A}.Release|Win32.ActiveCfg = Release|Win32
		{4BD4936A-A06F-4835-9FE3-C5957D6C7A8A}.Release|Win32.Build.0 = Release|Win32
		{4BD4936A-A06F-4835-9FE3-C5957D6C7A8A}.Release|x64.ActiveCfg = Release|x64
		{4BD4936A-A06F-4835-9FE3-C5957D6C7A8A}.Release|x64.Build.0 = Release|x64
		{1FD785C9-6EB1-4CED-91A6-B6A140ABF94A}.Debug|Win32.ActiveCfg = Debug|Win32
		{1FD785C9-6EB1-4CED-91A6-B6A140ABF94A}.Debug|Win32.Build.0 = Debug|Win32
		{1FD785C9-6EB1-4CED-91A6-B6A140ABF94A}.Debug|x64.ActiveCfg = Release|x64
		{1FD785C9-6EB1-4CED-91A6-B6A140ABF94A}.Debug|x64.Build.0 = Release|x64
		{1FD785C9-6EB1-4CED-91A6-B6A140ABF94A}.Release|Win32.ActiveCfg = Release|Win32
		{1FD785C9-6EB1-4CED-91A6-B6A140ABF94A}.Release|Win32.Build.0 = Release|Win32
		{1FD785C9-6EB1-4CED-91A6-B6A140ABF94A}.Release|x64.ActiveCfg = Release|x64
		{1FD785C9-6EB1-4CED-91A6-B6A140ABF94A}.Release|x64.Build.0 = Release|x64
		{5FADC9F5-F6D4-4782-A97B-2D7BCF3686ED}.Debug|Win32.ActiveCfg = Debug|Win32
		{5FADC9F5-F6D4-4782-A97B-2D7BCF3686ED}.Debug|Win32.Build.0 = Debug|Win32
		{5FADC9F5-F6D4-4782-A97B-2D7BCF3686ED}.Debug|x64.ActiveCfg = Release|x64
		{5FADC9F5-F6D4-4782-A97B-2D7BCF3686ED}.Debug|x64.Build.0 = Release|x64
		{5FADC9F5-F6D4-4782-A97B-2D7BCF3686ED}.Release|Win32.ActiveCfg = Release|Win32
		{5FADC9F5-F6D4-4782-A97B-2D7BCF3686ED}.Release|Win32.Build.0 = Release|Win32
		{5FADC9F5-F6D4-4782-A97B-2D7BCF3686ED}.Release|x64.ActiveCfg = Release|x64
		{5FADC9F5-F6D4-4782-A97B-2D7BCF3686ED}.Release|x64.Build.0 = Release|x64
		{E50CC80B-9835-4C75-8EBF-8DFAD95F60CC}.Debug|Win32.ActiveCfg = Debug|Win32
		{E50CC80B-9835-4C75-8EBF-8DFAD95F60CC}.Debug|Win32.Build.0 = Debug|Win32
		{E50CC80B-9835-4C75-8EBF-8DFAD95F60CC}.Debug|x64.ActiveCfg = Release|x64
		{E50CC80B-9835-4C75-8EBF-8DFAD95F60CC}.Debug|x64.Build.0 = Release|x64
		{E50CC80B-9835-4C75-8EBF-8DFAD95F60CC}.Release|Win32.ActiveCfg = Release|Win32
		{E50CC80B-9835-4C75-8EBF-8DFAD95F60CC}.Release|Win32.Build.0 = Release|Win32
		{E50CC80B-9835-4C75-8EBF-8DFAD95F60CC}.Release|x64.ActiveCfg = Release|x64
		{E50CC80B-9835-4C75-8EBF-8DFAD95F60CC}.Release|x64.Build.0 = Release|x64
		{D60ACB03-5AE5-46EF-A410-C3714271D12F}.Debug|Win32.ActiveCfg = Debug|Win32
		{D60ACB03-5AE5-46EF-A410-C3714271D12F}.Debug|Win32.Build.0 = Debug|Win32
		{D60ACB03-5AE5-46EF-A410-C3714271D12F}.Debug|x64.ActiveCfg = Release|x64
		{D60ACB03-5AE5-46EF-A410-C3714271D12F}.Debug|x64.Build.0 = Release|x64
		{D60ACB03-5AE5-46EF-A410-C3714271D12F}.Release|Win32.ActiveCfg = Release|Win32
		{D60ACB03-5AE5-46EF-A410-C3714271D12F}.Release|Win32.Build.0 = Release|Win32
		{D60ACB03-5AE5-46EF-A410-C3714271D12F}.Release|x64.ActiveCfg = Release|x64
		{D60ACB03-5AE5-46EF-A410-C3714271D12F}.Release|x64.Build.0 = Release|x64
		{2DA7B2C8-50A1-496D-AC44-CDDD534D6378}.Debug|Win32.ActiveCfg = Debug|Win32
		{2DA7B2C8-50A1-496D-AC44-CDDD534D6378}.Debug|Win32.Build.0 = Debug|Win32
		{2DA7B2C8-50A1-496D-AC44-CDDD534D6378}.Debug|x64.ActiveCfg = Release|x64
		{2DA7B2C8-50A1-496D-AC44-CDDD534D6378}.Debug|x64.Build.0 = Release|x64
		{2DA7B2C8-50A1-496D-AC44-CDDD534D6378}.Release|Win32.ActiveCfg = Release|Win32
		{2DA7B2C8-50A1-496D-AC44-CDDD534D6378}.Release|Win32.Build.0 = Release|Win32
		{2DA7B2C8-50A1-496D-AC44-CDDD534D6378}.Release|x64.ActiveCfg = Release|x64
		{2DA7B2C8-50A1-496D-AC44-CDDD534D6378}.Release|x64.Build.0 = Release|x64
		{A04FF2F1-8B61-4A66-9CE0-07016068C742}.Debug|Win32.ActiveCfg = Debug|Win32
		{A04FF2F1-8B61-4A66-9CE0-07016068C742}.Debug|Win32.Build.0 = Debug|Win32
		{A04FF2F1-8B61-4A66-9CE0-07016068C742}.Debug|x64.ActiveCfg = Release|x64
		{A04FF2F1-8B61-4A66-9CE0-07016068C742}.Debug|x64.Build.0 = Release|x64
		{A04FF2F1-8B61-4A66-9CE0-07016068C742}.Release|Win32.ActiveCfg = Release|Win32
		{A04FF2F1-8B61-4A66-9CE0-07016068C742}.Release|Win32.Build.0 = Release|Win32
		{A04FF2F1-8B61-4A66-9CE0-07016068C742}.Release|x64.ActiveCfg = Release|x64
		{A04FF2F1-8B61-4A66-9CE0-07016068C742}.Release|x64.Build.0 = Release|x64
	EndGlobalSection
	GlobalSection(SolutionProperties) = preSolution
		HideSolutionNode = FALSE
	EndGlobalSection
	GlobalSection(NestedProjects) = preSolution
		{8D3577F7-DDD2-41BA-ADF3-020B60E58095} = {EA4ACD79-0681-4B3A-8DC7-3CA208B7A767}
		{4A5140B3-891B-4AC2-8FCD-41B393E8297C} = {EA4ACD79-0681-4B3A-8DC7-3CA208B7A767}
		{881747D5-CB30-47BD-BE8C-D5928390056C} = {EA4ACD79-0681-4B3A-8DC7-3CA208B7A767}
		{8414D68D-463F-4501-9169-E8933189DB7F} = {EA4ACD79-0681-4B3A-8DC7-3CA208B7A767}
		{4BD4936A-A06F-4835-9FE3-C5957D6C7A8A} = {EA4ACD79-0681-4B3A-8DC7-3CA208B7A767}
		{1FD785C9-6EB1-4CED-91A6-B6A140ABF94A} = {EA4ACD79-0681-4B3A-8DC7-3CA208B7A767}
		{5FADC9F5-F6D4-4782-A97B-2D7BCF3686ED} = {EA4ACD79-0681-4B3A-8DC7-3CA208B7A767}
		{2DA7B2C8-50A1-496D-AC44-CDDD534D6378} = {EA4ACD79-0681-4B3A-8DC7-3CA208B7A767}
	EndGlobalSection
	GlobalSection(ExtensibilityGlobals) = postSolution
		SolutionGuid = {B73A1492-06CF-4A63-AAF8-633E3E3480F4}
	EndGlobalSection
EndGlobal
