
Microsoft Visual Studio Solution File, Format Version 12.00
# Visual Studio Version 16
VisualStudioVersion = 16.0.30621.155
MinimumVisualStudioVersion = 10.0.40219.1
Project("{8BC9CEB8-8B4A-11D0-8D11-00A0C91BC942}") = "pdfium_lib_android", "pdfium_lib_android.vcxproj", "{3832E96C-E494-4782-B264-E7349B987B99}"
EndProject
Project("{2150E333-8FDC-42A3-9474-1A3956D46DE8}") = "第三方", "第三方", "{83174499-91FB-4A0F-98BB-59C78A9A70F6}"
EndProject
Project("{8BC9CEB8-8B4A-11D0-8D11-00A0C91BC942}") = "agg23_android", "builds\agg23_android\agg23_android.vcxproj", "{DB6E9E31-E0D9-4EE4-85D5-0D86123B27C1}"
EndProject
Project("{8BC9CEB8-8B4A-11D0-8D11-00A0C91BC942}") = "zlib_android", "builds\zlib_android\zlib_android.vcxproj", "{C5304FB6-4317-42E3-BE63-CB40E86340A1}"
EndProject
Project("{8BC9CEB8-8B4A-11D0-8D11-00A0C91BC942}") = "libopenjpeg20_android", "builds\libopenjpeg20_android\libopenjpeg20_android.vcxproj", "{B8923B43-76C0-4C90-9B3A-1C676BE314D6}"
EndProject
Project("{8BC9CEB8-8B4A-11D0-8D11-00A0C91BC942}") = "libjpeg_android", "builds\libjpeg_android\libjpeg_android.vcxproj", "{5DC2EB1D-9086-43BA-9DCB-F463394A8B6B}"
EndProject
Project("{8BC9CEB8-8B4A-11D0-8D11-00A0C91BC942}") = "lcms_android", "builds\lcms_android\lcms_android.vcxproj", "{0F3EC9BF-A285-45F0-B648-E852F5CDA575}"
EndProject
Project("{8BC9CEB8-8B4A-11D0-8D11-00A0C91BC942}") = "icu_android", "builds\icu_android\icu_android.vcxproj", "{378862F5-0EFD-47E3-8D58-1DD508DD1DC8}"
EndProject
Project("{8BC9CEB8-8B4A-11D0-8D11-00A0C91BC942}") = "freetype_android", "builds\freetype_android\freetype_android.vcxproj", "{B075AE97-8027-4A2C-A4AF-D39F85EA19FA}"
EndProject
Project("{8BC9CEB8-8B4A-11D0-8D11-00A0C91BC942}") = "fxcodec_android", "builds\fxcodec_android\fxcodec_android.vcxproj", "{5D410957-8716-46BF-88D4-974B064D36A2}"
EndProject
Project("{8BC9CEB8-8B4A-11D0-8D11-00A0C91BC942}") = "pdfium_base_android", "builds\pdfium_base_android\pdfium_base_android.vcxproj", "{2125401A-0082-4119-B53C-64F7E64E5877}"
EndProject
Project("{8BC9CEB8-8B4A-11D0-8D11-00A0C91BC942}") = "fpdfsdk_android", "builds\fpdfsdk_android\fpdfsdk_android.vcxproj", "{6A1E13F5-EBDE-4895-A2A5-715F50B29A65}"
	ProjectSection(ProjectDependencies) = postProject
		{2125401A-0082-4119-B53C-64F7E64E5877} = {2125401A-0082-4119-B53C-64F7E64E5877}
		{5DC2EB1D-9086-43BA-9DCB-F463394A8B6B} = {5DC2EB1D-9086-43BA-9DCB-F463394A8B6B}
		{DB6E9E31-E0D9-4EE4-85D5-0D86123B27C1} = {DB6E9E31-E0D9-4EE4-85D5-0D86123B27C1}
		{B8923B43-76C0-4C90-9B3A-1C676BE314D6} = {B8923B43-76C0-4C90-9B3A-1C676BE314D6}
		{5D410957-8716-46BF-88D4-974B064D36A2} = {5D410957-8716-46BF-88D4-974B064D36A2}
		{3832E96C-E494-4782-B264-E7349B987B99} = {3832E96C-E494-4782-B264-E7349B987B99}
		{B075AE97-8027-4A2C-A4AF-D39F85EA19FA} = {B075AE97-8027-4A2C-A4AF-D39F85EA19FA}
		{C5304FB6-4317-42E3-BE63-CB40E86340A1} = {C5304FB6-4317-42E3-BE63-CB40E86340A1}
		{0F3EC9BF-A285-45F0-B648-E852F5CDA575} = {0F3EC9BF-A285-45F0-B648-E852F5CDA575}
		{378862F5-0EFD-47E3-8D58-1DD508DD1DC8} = {378862F5-0EFD-47E3-8D58-1DD508DD1DC8}
	EndProjectSection
EndProject
Global
	GlobalSection(SolutionConfigurationPlatforms) = preSolution
		Debug|ARM = Debug|ARM
		Debug|ARM64 = Debug|ARM64
		Debug|x64 = Debug|x64
		Debug|x86 = Debug|x86
		Release|ARM = Release|ARM
		Release|ARM64 = Release|ARM64
		Release|x64 = Release|x64
		Release|x86 = Release|x86
	EndGlobalSection
	GlobalSection(ProjectConfigurationPlatforms) = postSolution
		{3832E96C-E494-4782-B264-E7349B987B99}.Debug|ARM.ActiveCfg = Debug|ARM
		{3832E96C-E494-4782-B264-E7349B987B99}.Debug|ARM.Build.0 = Debug|ARM
		{3832E96C-E494-4782-B264-E7349B987B99}.Debug|ARM64.ActiveCfg = Debug|ARM64
		{3832E96C-E494-4782-B264-E7349B987B99}.Debug|ARM64.Build.0 = Debug|ARM64
		{3832E96C-E494-4782-B264-E7349B987B99}.Debug|x64.ActiveCfg = Debug|x64
		{3832E96C-E494-4782-B264-E7349B987B99}.Debug|x64.Build.0 = Debug|x64
		{3832E96C-E494-4782-B264-E7349B987B99}.Debug|x86.ActiveCfg = Debug|x86
		{3832E96C-E494-4782-B264-E7349B987B99}.Debug|x86.Build.0 = Debug|x86
		{3832E96C-E494-4782-B264-E7349B987B99}.Release|ARM.ActiveCfg = Release|ARM
		{3832E96C-E494-4782-B264-E7349B987B99}.Release|ARM.Build.0 = Release|ARM
		{3832E96C-E494-4782-B264-E7349B987B99}.Release|ARM64.ActiveCfg = Release|ARM64
		{3832E96C-E494-4782-B264-E7349B987B99}.Release|ARM64.Build.0 = Release|ARM64
		{3832E96C-E494-4782-B264-E7349B987B99}.Release|x64.ActiveCfg = Release|x64
		{3832E96C-E494-4782-B264-E7349B987B99}.Release|x64.Build.0 = Release|x64
		{3832E96C-E494-4782-B264-E7349B987B99}.Release|x86.ActiveCfg = Release|x86
		{3832E96C-E494-4782-B264-E7349B987B99}.Release|x86.Build.0 = Release|x86
		{DB6E9E31-E0D9-4EE4-85D5-0D86123B27C1}.Debug|ARM.ActiveCfg = Debug|ARM
		{DB6E9E31-E0D9-4EE4-85D5-0D86123B27C1}.Debug|ARM.Build.0 = Debug|ARM
		{DB6E9E31-E0D9-4EE4-85D5-0D86123B27C1}.Debug|ARM64.ActiveCfg = Debug|ARM64
		{DB6E9E31-E0D9-4EE4-85D5-0D86123B27C1}.Debug|ARM64.Build.0 = Debug|ARM64
		{DB6E9E31-E0D9-4EE4-85D5-0D86123B27C1}.Debug|x64.ActiveCfg = Debug|x64
		{DB6E9E31-E0D9-4EE4-85D5-0D86123B27C1}.Debug|x64.Build.0 = Debug|x64
		{DB6E9E31-E0D9-4EE4-85D5-0D86123B27C1}.Debug|x86.ActiveCfg = Debug|x86
		{DB6E9E31-E0D9-4EE4-85D5-0D86123B27C1}.Debug|x86.Build.0 = Debug|x86
		{DB6E9E31-E0D9-4EE4-85D5-0D86123B27C1}.Release|ARM.ActiveCfg = Release|ARM
		{DB6E9E31-E0D9-4EE4-85D5-0D86123B27C1}.Release|ARM.Build.0 = Release|ARM
		{DB6E9E31-E0D9-4EE4-85D5-0D86123B27C1}.Release|ARM64.ActiveCfg = Release|ARM64
		{DB6E9E31-E0D9-4EE4-85D5-0D86123B27C1}.Release|ARM64.Build.0 = Release|ARM64
		{DB6E9E31-E0D9-4EE4-85D5-0D86123B27C1}.Release|x64.ActiveCfg = Release|x64
		{DB6E9E31-E0D9-4EE4-85D5-0D86123B27C1}.Release|x64.Build.0 = Release|x64
		{DB6E9E31-E0D9-4EE4-85D5-0D86123B27C1}.Release|x86.ActiveCfg = Release|x86
		{DB6E9E31-E0D9-4EE4-85D5-0D86123B27C1}.Release|x86.Build.0 = Release|x86
		{C5304FB6-4317-42E3-BE63-CB40E86340A1}.Debug|ARM.ActiveCfg = Debug|ARM
		{C5304FB6-4317-42E3-BE63-CB40E86340A1}.Debug|ARM.Build.0 = Debug|ARM
		{C5304FB6-4317-42E3-BE63-CB40E86340A1}.Debug|ARM64.ActiveCfg = Debug|ARM64
		{C5304FB6-4317-42E3-BE63-CB40E86340A1}.Debug|ARM64.Build.0 = Debug|ARM64
		{C5304FB6-4317-42E3-BE63-CB40E86340A1}.Debug|x64.ActiveCfg = Debug|x64
		{C5304FB6-4317-42E3-BE63-CB40E86340A1}.Debug|x64.Build.0 = Debug|x64
		{C5304FB6-4317-42E3-BE63-CB40E86340A1}.Debug|x86.ActiveCfg = Debug|x86
		{C5304FB6-4317-42E3-BE63-CB40E86340A1}.Debug|x86.Build.0 = Debug|x86
		{C5304FB6-4317-42E3-BE63-CB40E86340A1}.Release|ARM.ActiveCfg = Release|ARM
		{C5304FB6-4317-42E3-BE63-CB40E86340A1}.Release|ARM.Build.0 = Release|ARM
		{C5304FB6-4317-42E3-BE63-CB40E86340A1}.Release|ARM64.ActiveCfg = Release|ARM64
		{C5304FB6-4317-42E3-BE63-CB40E86340A1}.Release|ARM64.Build.0 = Release|ARM64
		{C5304FB6-4317-42E3-BE63-CB40E86340A1}.Release|x64.ActiveCfg = Release|x64
		{C5304FB6-4317-42E3-BE63-CB40E86340A1}.Release|x64.Build.0 = Release|x64
		{C5304FB6-4317-42E3-BE63-CB40E86340A1}.Release|x86.ActiveCfg = Release|x86
		{C5304FB6-4317-42E3-BE63-CB40E86340A1}.Release|x86.Build.0 = Release|x86
		{B8923B43-76C0-4C90-9B3A-1C676BE314D6}.Debug|ARM.ActiveCfg = Debug|ARM
		{B8923B43-76C0-4C90-9B3A-1C676BE314D6}.Debug|ARM.Build.0 = Debug|ARM
		{B8923B43-76C0-4C90-9B3A-1C676BE314D6}.Debug|ARM64.ActiveCfg = Debug|ARM64
		{B8923B43-76C0-4C90-9B3A-1C676BE314D6}.Debug|ARM64.Build.0 = Debug|ARM64
		{B8923B43-76C0-4C90-9B3A-1C676BE314D6}.Debug|x64.ActiveCfg = Debug|x64
		{B8923B43-76C0-4C90-9B3A-1C676BE314D6}.Debug|x64.Build.0 = Debug|x64
		{B8923B43-76C0-4C90-9B3A-1C676BE314D6}.Debug|x86.ActiveCfg = Debug|x86
		{B8923B43-76C0-4C90-9B3A-1C676BE314D6}.Debug|x86.Build.0 = Debug|x86
		{B8923B43-76C0-4C90-9B3A-1C676BE314D6}.Release|ARM.ActiveCfg = Release|ARM
		{B8923B43-76C0-4C90-9B3A-1C676BE314D6}.Release|ARM.Build.0 = Release|ARM
		{B8923B43-76C0-4C90-9B3A-1C676BE314D6}.Release|ARM64.ActiveCfg = Release|ARM64
		{B8923B43-76C0-4C90-9B3A-1C676BE314D6}.Release|ARM64.Build.0 = Release|ARM64
		{B8923B43-76C0-4C90-9B3A-1C676BE314D6}.Release|x64.ActiveCfg = Release|x64
		{B8923B43-76C0-4C90-9B3A-1C676BE314D6}.Release|x64.Build.0 = Release|x64
		{B8923B43-76C0-4C90-9B3A-1C676BE314D6}.Release|x86.ActiveCfg = Release|x86
		{B8923B43-76C0-4C90-9B3A-1C676BE314D6}.Release|x86.Build.0 = Release|x86
		{5DC2EB1D-9086-43BA-9DCB-F463394A8B6B}.Debug|ARM.ActiveCfg = Debug|ARM
		{5DC2EB1D-9086-43BA-9DCB-F463394A8B6B}.Debug|ARM.Build.0 = Debug|ARM
		{5DC2EB1D-9086-43BA-9DCB-F463394A8B6B}.Debug|ARM64.ActiveCfg = Debug|ARM64
		{5DC2EB1D-9086-43BA-9DCB-F463394A8B6B}.Debug|ARM64.Build.0 = Debug|ARM64
		{5DC2EB1D-9086-43BA-9DCB-F463394A8B6B}.Debug|x64.ActiveCfg = Debug|x64
		{5DC2EB1D-9086-43BA-9DCB-F463394A8B6B}.Debug|x64.Build.0 = Debug|x64
		{5DC2EB1D-9086-43BA-9DCB-F463394A8B6B}.Debug|x86.ActiveCfg = Debug|x86
		{5DC2EB1D-9086-43BA-9DCB-F463394A8B6B}.Debug|x86.Build.0 = Debug|x86
		{5DC2EB1D-9086-43BA-9DCB-F463394A8B6B}.Release|ARM.ActiveCfg = Release|ARM
		{5DC2EB1D-9086-43BA-9DCB-F463394A8B6B}.Release|ARM.Build.0 = Release|ARM
		{5DC2EB1D-9086-43BA-9DCB-F463394A8B6B}.Release|ARM64.ActiveCfg = Release|ARM64
		{5DC2EB1D-9086-43BA-9DCB-F463394A8B6B}.Release|ARM64.Build.0 = Release|ARM64
		{5DC2EB1D-9086-43BA-9DCB-F463394A8B6B}.Release|x64.ActiveCfg = Release|x64
		{5DC2EB1D-9086-43BA-9DCB-F463394A8B6B}.Release|x64.Build.0 = Release|x64
		{5DC2EB1D-9086-43BA-9DCB-F463394A8B6B}.Release|x86.ActiveCfg = Release|x86
		{5DC2EB1D-9086-43BA-9DCB-F463394A8B6B}.Release|x86.Build.0 = Release|x86
		{0F3EC9BF-A285-45F0-B648-E852F5CDA575}.Debug|ARM.ActiveCfg = Debug|ARM
		{0F3EC9BF-A285-45F0-B648-E852F5CDA575}.Debug|ARM.Build.0 = Debug|ARM
		{0F3EC9BF-A285-45F0-B648-E852F5CDA575}.Debug|ARM64.ActiveCfg = Debug|ARM64
		{0F3EC9BF-A285-45F0-B648-E852F5CDA575}.Debug|ARM64.Build.0 = Debug|ARM64
		{0F3EC9BF-A285-45F0-B648-E852F5CDA575}.Debug|x64.ActiveCfg = Debug|x64
		{0F3EC9BF-A285-45F0-B648-E852F5CDA575}.Debug|x64.Build.0 = Debug|x64
		{0F3EC9BF-A285-45F0-B648-E852F5CDA575}.Debug|x86.ActiveCfg = Debug|x86
		{0F3EC9BF-A285-45F0-B648-E852F5CDA575}.Debug|x86.Build.0 = Debug|x86
		{0F3EC9BF-A285-45F0-B648-E852F5CDA575}.Release|ARM.ActiveCfg = Release|ARM
		{0F3EC9BF-A285-45F0-B648-E852F5CDA575}.Release|ARM.Build.0 = Release|ARM
		{0F3EC9BF-A285-45F0-B648-E852F5CDA575}.Release|ARM64.ActiveCfg = Release|ARM64
		{0F3EC9BF-A285-45F0-B648-E852F5CDA575}.Release|ARM64.Build.0 = Release|ARM64
		{0F3EC9BF-A285-45F0-B648-E852F5CDA575}.Release|x64.ActiveCfg = Release|x64
		{0F3EC9BF-A285-45F0-B648-E852F5CDA575}.Release|x64.Build.0 = Release|x64
		{0F3EC9BF-A285-45F0-B648-E852F5CDA575}.Release|x86.ActiveCfg = Release|x86
		{0F3EC9BF-A285-45F0-B648-E852F5CDA575}.Release|x86.Build.0 = Release|x86
		{378862F5-0EFD-47E3-8D58-1DD508DD1DC8}.Debug|ARM.ActiveCfg = Debug|ARM
		{378862F5-0EFD-47E3-8D58-1DD508DD1DC8}.Debug|ARM.Build.0 = Debug|ARM
		{378862F5-0EFD-47E3-8D58-1DD508DD1DC8}.Debug|ARM64.ActiveCfg = Debug|ARM64
		{378862F5-0EFD-47E3-8D58-1DD508DD1DC8}.Debug|ARM64.Build.0 = Debug|ARM64
		{378862F5-0EFD-47E3-8D58-1DD508DD1DC8}.Debug|x64.ActiveCfg = Debug|x64
		{378862F5-0EFD-47E3-8D58-1DD508DD1DC8}.Debug|x64.Build.0 = Debug|x64
		{378862F5-0EFD-47E3-8D58-1DD508DD1DC8}.Debug|x86.ActiveCfg = Debug|x86
		{378862F5-0EFD-47E3-8D58-1DD508DD1DC8}.Debug|x86.Build.0 = Debug|x86
		{378862F5-0EFD-47E3-8D58-1DD508DD1DC8}.Release|ARM.ActiveCfg = Release|ARM
		{378862F5-0EFD-47E3-8D58-1DD508DD1DC8}.Release|ARM.Build.0 = Release|ARM
		{378862F5-0EFD-47E3-8D58-1DD508DD1DC8}.Release|ARM64.ActiveCfg = Release|ARM64
		{378862F5-0EFD-47E3-8D58-1DD508DD1DC8}.Release|ARM64.Build.0 = Release|ARM64
		{378862F5-0EFD-47E3-8D58-1DD508DD1DC8}.Release|x64.ActiveCfg = Release|x64
		{378862F5-0EFD-47E3-8D58-1DD508DD1DC8}.Release|x64.Build.0 = Release|x64
		{378862F5-0EFD-47E3-8D58-1DD508DD1DC8}.Release|x86.ActiveCfg = Release|x86
		{378862F5-0EFD-47E3-8D58-1DD508DD1DC8}.Release|x86.Build.0 = Release|x86
		{B075AE97-8027-4A2C-A4AF-D39F85EA19FA}.Debug|ARM.ActiveCfg = Debug|ARM
		{B075AE97-8027-4A2C-A4AF-D39F85EA19FA}.Debug|ARM.Build.0 = Debug|ARM
		{B075AE97-8027-4A2C-A4AF-D39F85EA19FA}.Debug|ARM64.ActiveCfg = Debug|ARM64
		{B075AE97-8027-4A2C-A4AF-D39F85EA19FA}.Debug|ARM64.Build.0 = Debug|ARM64
		{B075AE97-8027-4A2C-A4AF-D39F85EA19FA}.Debug|x64.ActiveCfg = Debug|x64
		{B075AE97-8027-4A2C-A4AF-D39F85EA19FA}.Debug|x64.Build.0 = Debug|x64
		{B075AE97-8027-4A2C-A4AF-D39F85EA19FA}.Debug|x86.ActiveCfg = Debug|x86
		{B075AE97-8027-4A2C-A4AF-D39F85EA19FA}.Debug|x86.Build.0 = Debug|x86
		{B075AE97-8027-4A2C-A4AF-D39F85EA19FA}.Release|ARM.ActiveCfg = Release|ARM
		{B075AE97-8027-4A2C-A4AF-D39F85EA19FA}.Release|ARM.Build.0 = Release|ARM
		{B075AE97-8027-4A2C-A4AF-D39F85EA19FA}.Release|ARM64.ActiveCfg = Release|ARM64
		{B075AE97-8027-4A2C-A4AF-D39F85EA19FA}.Release|ARM64.Build.0 = Release|ARM64
		{B075AE97-8027-4A2C-A4AF-D39F85EA19FA}.Release|x64.ActiveCfg = Release|x64
		{B075AE97-8027-4A2C-A4AF-D39F85EA19FA}.Release|x64.Build.0 = Release|x64
		{B075AE97-8027-4A2C-A4AF-D39F85EA19FA}.Release|x86.ActiveCfg = Release|x86
		{B075AE97-8027-4A2C-A4AF-D39F85EA19FA}.Release|x86.Build.0 = Release|x86
		{5D410957-8716-46BF-88D4-974B064D36A2}.Debug|ARM.ActiveCfg = Debug|ARM
		{5D410957-8716-46BF-88D4-974B064D36A2}.Debug|ARM.Build.0 = Debug|ARM
		{5D410957-8716-46BF-88D4-974B064D36A2}.Debug|ARM64.ActiveCfg = Debug|ARM64
		{5D410957-8716-46BF-88D4-974B064D36A2}.Debug|ARM64.Build.0 = Debug|ARM64
		{5D410957-8716-46BF-88D4-974B064D36A2}.Debug|x64.ActiveCfg = Debug|x64
		{5D410957-8716-46BF-88D4-974B064D36A2}.Debug|x64.Build.0 = Debug|x64
		{5D410957-8716-46BF-88D4-974B064D36A2}.Debug|x86.ActiveCfg = Debug|x86
		{5D410957-8716-46BF-88D4-974B064D36A2}.Debug|x86.Build.0 = Debug|x86
		{5D410957-8716-46BF-88D4-974B064D36A2}.Release|ARM.ActiveCfg = Release|ARM
		{5D410957-8716-46BF-88D4-974B064D36A2}.Release|ARM.Build.0 = Release|ARM
		{5D410957-8716-46BF-88D4-974B064D36A2}.Release|ARM64.ActiveCfg = Release|ARM64
		{5D410957-8716-46BF-88D4-974B064D36A2}.Release|ARM64.Build.0 = Release|ARM64
		{5D410957-8716-46BF-88D4-974B064D36A2}.Release|x64.ActiveCfg = Release|x64
		{5D410957-8716-46BF-88D4-974B064D36A2}.Release|x64.Build.0 = Release|x64
		{5D410957-8716-46BF-88D4-974B064D36A2}.Release|x86.ActiveCfg = Release|x86
		{5D410957-8716-46BF-88D4-974B064D36A2}.Release|x86.Build.0 = Release|x86
		{2125401A-0082-4119-B53C-64F7E64E5877}.Debug|ARM.ActiveCfg = Debug|ARM
		{2125401A-0082-4119-B53C-64F7E64E5877}.Debug|ARM.Build.0 = Debug|ARM
		{2125401A-0082-4119-B53C-64F7E64E5877}.Debug|ARM64.ActiveCfg = Debug|ARM64
		{2125401A-0082-4119-B53C-64F7E64E5877}.Debug|ARM64.Build.0 = Debug|ARM64
		{2125401A-0082-4119-B53C-64F7E64E5877}.Debug|x64.ActiveCfg = Debug|x64
		{2125401A-0082-4119-B53C-64F7E64E5877}.Debug|x64.Build.0 = Debug|x64
		{2125401A-0082-4119-B53C-64F7E64E5877}.Debug|x86.ActiveCfg = Debug|x86
		{2125401A-0082-4119-B53C-64F7E64E5877}.Debug|x86.Build.0 = Debug|x86
		{2125401A-0082-4119-B53C-64F7E64E5877}.Release|ARM.ActiveCfg = Release|ARM
		{2125401A-0082-4119-B53C-64F7E64E5877}.Release|ARM.Build.0 = Release|ARM
		{2125401A-0082-4119-B53C-64F7E64E5877}.Release|ARM64.ActiveCfg = Release|ARM64
		{2125401A-0082-4119-B53C-64F7E64E5877}.Release|ARM64.Build.0 = Release|ARM64
		{2125401A-0082-4119-B53C-64F7E64E5877}.Release|x64.ActiveCfg = Release|x64
		{2125401A-0082-4119-B53C-64F7E64E5877}.Release|x64.Build.0 = Release|x64
		{2125401A-0082-4119-B53C-64F7E64E5877}.Release|x86.ActiveCfg = Release|x86
		{2125401A-0082-4119-B53C-64F7E64E5877}.Release|x86.Build.0 = Release|x86
		{6A1E13F5-EBDE-4895-A2A5-715F50B29A65}.Debug|ARM.ActiveCfg = Debug|ARM
		{6A1E13F5-EBDE-4895-A2A5-715F50B29A65}.Debug|ARM.Build.0 = Debug|ARM
		{6A1E13F5-EBDE-4895-A2A5-715F50B29A65}.Debug|ARM64.ActiveCfg = Debug|ARM64
		{6A1E13F5-EBDE-4895-A2A5-715F50B29A65}.Debug|ARM64.Build.0 = Debug|ARM64
		{6A1E13F5-EBDE-4895-A2A5-715F50B29A65}.Debug|x64.ActiveCfg = Debug|x64
		{6A1E13F5-EBDE-4895-A2A5-715F50B29A65}.Debug|x64.Build.0 = Debug|x64
		{6A1E13F5-EBDE-4895-A2A5-715F50B29A65}.Debug|x86.ActiveCfg = Debug|x86
		{6A1E13F5-EBDE-4895-A2A5-715F50B29A65}.Debug|x86.Build.0 = Debug|x86
		{6A1E13F5-EBDE-4895-A2A5-715F50B29A65}.Release|ARM.ActiveCfg = Release|ARM
		{6A1E13F5-EBDE-4895-A2A5-715F50B29A65}.Release|ARM.Build.0 = Release|ARM
		{6A1E13F5-EBDE-4895-A2A5-715F50B29A65}.Release|ARM64.ActiveCfg = Release|ARM64
		{6A1E13F5-EBDE-4895-A2A5-715F50B29A65}.Release|ARM64.Build.0 = Release|ARM64
		{6A1E13F5-EBDE-4895-A2A5-715F50B29A65}.Release|x64.ActiveCfg = Release|x64
		{6A1E13F5-EBDE-4895-A2A5-715F50B29A65}.Release|x64.Build.0 = Release|x64
		{6A1E13F5-EBDE-4895-A2A5-715F50B29A65}.Release|x86.ActiveCfg = Release|x86
		{6A1E13F5-EBDE-4895-A2A5-715F50B29A65}.Release|x86.Build.0 = Release|x86
	EndGlobalSection
	GlobalSection(SolutionProperties) = preSolution
		HideSolutionNode = FALSE
	EndGlobalSection
	GlobalSection(NestedProjects) = preSolution
		{DB6E9E31-E0D9-4EE4-85D5-0D86123B27C1} = {83174499-91FB-4A0F-98BB-59C78A9A70F6}
		{C5304FB6-4317-42E3-BE63-CB40E86340A1} = {83174499-91FB-4A0F-98BB-59C78A9A70F6}
		{B8923B43-76C0-4C90-9B3A-1C676BE314D6} = {83174499-91FB-4A0F-98BB-59C78A9A70F6}
		{5DC2EB1D-9086-43BA-9DCB-F463394A8B6B} = {83174499-91FB-4A0F-98BB-59C78A9A70F6}
		{0F3EC9BF-A285-45F0-B648-E852F5CDA575} = {83174499-91FB-4A0F-98BB-59C78A9A70F6}
		{378862F5-0EFD-47E3-8D58-1DD508DD1DC8} = {83174499-91FB-4A0F-98BB-59C78A9A70F6}
		{B075AE97-8027-4A2C-A4AF-D39F85EA19FA} = {83174499-91FB-4A0F-98BB-59C78A9A70F6}
	EndGlobalSection
	GlobalSection(ExtensibilityGlobals) = postSolution
		SolutionGuid = {40207B9C-E75E-450E-9E12-7F3A9699B3C0}
	EndGlobalSection
EndGlobal
