<?xml version="1.0" encoding="utf-8"?>
<Project ToolsVersion="4.0" xmlns="http://schemas.microsoft.com/developer/msbuild/2003">
  <ItemGroup>
    <ClInclude Include="..\..\pdfium\third_party\agg23\agg_basics.h">
      <Filter>Header Files</Filter>
    </ClInclude>
    <ClInclude Include="..\..\pdfium\third_party\agg23\agg_clip_liang_barsky.h">
      <Filter>Header Files</Filter>
    </ClInclude>
    <ClInclude Include="..\..\pdfium\third_party\agg23\agg_conv_dash.h">
      <Filter>Header Files</Filter>
    </ClInclude>
    <ClInclude Include="..\..\pdfium\third_party\agg23\agg_conv_stroke.h">
      <Filter>Header Files</Filter>
    </ClInclude>
    <ClInclude Include="..\..\pdfium\third_party\agg23\agg_curves.h">
      <Filter>Header Files</Filter>
    </ClInclude>
    <ClInclude Include="..\..\pdfium\third_party\agg23\agg_path_storage.h">
      <Filter>Header Files</Filter>
    </ClInclude>
    <ClInclude Include="..\..\pdfium\third_party\agg23\agg_rasterizer_scanline_aa.h">
      <Filter>Header Files</Filter>
    </ClInclude>
    <ClInclude Include="..\..\pdfium\third_party\agg23\agg_rendering_buffer.h">
      <Filter>Header Files</Filter>
    </ClInclude>
    <ClInclude Include="..\..\pdfium\third_party\agg23\agg_render_scanlines.h">
      <Filter>Header Files</Filter>
    </ClInclude>
    <ClInclude Include="..\..\pdfium\third_party\agg23\agg_scanline_u.h">
      <Filter>Header Files</Filter>
    </ClInclude>
  </ItemGroup>
  <ItemGroup>
    <ClCompile Include="..\..\pdfium\third_party\agg23\agg_curves.cpp">
      <Filter>Source Files</Filter>
    </ClCompile>
    <ClCompile Include="..\..\pdfium\third_party\agg23\agg_path_storage.cpp">
      <Filter>Source Files</Filter>
    </ClCompile>
    <ClCompile Include="..\..\pdfium\third_party\agg23\agg_rasterizer_scanline_aa.cpp">
      <Filter>Source Files</Filter>
    </ClCompile>
    <ClCompile Include="..\..\pdfium\third_party\agg23\agg_vcgen_dash.cpp">
      <Filter>Source Files</Filter>
    </ClCompile>
    <ClCompile Include="..\..\pdfium\third_party\agg23\agg_vcgen_stroke.cpp">
      <Filter>Source Files</Filter>
    </ClCompile>
  </ItemGroup>
  <ItemGroup>
    <Filter Include="Header Files">
      <UniqueIdentifier>{7910b583-b4a2-456a-9aa5-40288acda33f}</UniqueIdentifier>
    </Filter>
    <Filter Include="Source Files">
      <UniqueIdentifier>{bdbfa9b7-e1f9-488d-8d00-b8781fc9c995}</UniqueIdentifier>
    </Filter>
  </ItemGroup>
</Project>